# This file is autogenerated, do not edit; changes may be undone by the next 'dep ensure'.


[[projects]]
  name = "github.com/johnsudaar/testpkg1"
  packages = ["."]
  revision = "8698b6bc159a877c40a53f69d46699adc7eeea4f"
  version = "1.0.0"

[[projects]]
  name = "github.com/johnsudaar/testpkg2"
  packages = ["."]
  revision = "c7ab8c1b2a8a59c32b4b798bb50825723c01626f"
  version = "1.2.1"

[solve-meta]
  analyzer-name = "dep"
  analyzer-version = 1
  inputs-digest = "b75869b3a198931e47e8617e47cbef6b074a51f361e7e2841dc5beefbee9b227"
  solver-name = "gps-cdcl"
  solver-version = 1
